
Microsoft Visual Studio Solution File, Format Version 12.00
# Visual Studio Version 17
VisualStudioVersion = 17.9.34622.214
MinimumVisualStudioVersion = 10.0.40219.1
Project("{FAE04EC0-301F-11D3-BF4B-00C04F79EFBC}") = "01_MainSubjects", "01_MainSubjects\01_MainSubjects.csproj", "{129D7E13-F206-46C0-8BAE-52B47474B925}"
EndProject
Global
	GlobalSection(SolutionConfigurationPlatforms) = preSolution
		Debug|Any CPU = Debug|Any CPU
		Release|Any CPU = Release|Any CPU
	EndGlobalSection
	GlobalSection(ProjectConfigurationPlatforms) = postSolution
		{129D7E13-F206-46C0-8BAE-52B47474B925}.Debug|Any CPU.ActiveCfg = Debug|Any CPU
		{129D7E13-F206-46C0-8BAE-52B47474B925}.Debug|Any CPU.Build.0 = Debug|Any CPU
		{129D7E13-F206-46C0-8BAE-52B47474B925}.Release|Any CPU.ActiveCfg = Release|Any CPU
		{129D7E13-F206-46C0-8BAE-52B47474B925}.Release|Any CPU.Build.0 = Release|Any CPU
	EndGlobalSection
	GlobalSection(SolutionProperties) = preSolution
		HideSolutionNode = FALSE
	EndGlobalSection
	GlobalSection(ExtensibilityGlobals) = postSolution
		SolutionGuid = {EF8254A2-7E30-4982-B699-69A8203CF230}
	EndGlobalSection
EndGlobal
